github.com/boltdb/bolt v1.3.1 h1:JQmyP4ZBrce+ZQu0dY660FMfatumYDLun9hBCUVIkF4=
github.com/boltdb/bolt v1.3.1/go.mod h1:clJnj/oiGkjum5o1McbSZDSLxVThjynRyGBgiAx27Ps=
github.com/gleicon/go-descriptive-statistics v0.0.0-20130529112640-b8e9f79bb7ee h1:JsViWqd30P/EonOMROm5L7aPn6Jtn1ZTTcTc64mrNMI=
github.com/gleicon/go-descriptive-statistics v0.0.0-20130529112640-b8e9f79bb7ee/go.mod h1:jyrA2WjVp9keTvKyyvVbEFgahAdJW1sneMzOnk7GJm0=
github.com/guptarohit/asciigraph v0.4.0 h1:ZO3m4AJiF7ivlvqd4YT2dN89qWNvpyo0Ma5rXaLZHPI=
github.com/guptarohit/asciigraph v0.4.0/go.mod h1:9fYEfE5IGJGxlP1B+w8wHFy7sNZMhPtn59f0RLtpRFM=
golang.org/x/sys v0.0.0-20180627142611-7138fd3d9dc8 h1:RI4LLZfYDSosZMJ7FzhhEQbwo7tA8Bp9Vhml1PukQsg=
golang.org/x/sys v0.0.0-20180627142611-7138fd3d9dc8/go.mod h1:STP8DvDyc/dI5b8T5hshtkjS+E42TnysNCUPdjciGhY=
